
Microsoft Visual Studio Solution File, Format Version 12.00
# Visual Studio 15
Project("{FAE04EC0-301F-11D3-BF4B-00C04F79EFBC}") = "api", "api\api.csproj", "{207B6D8F-E797-4090-B53F-87CE7B769469}"
EndProject
Project("{FAE04EC0-301F-11D3-BF4B-00C04F79EFBC}") = "peroline", "peroline\peroline.csproj", "{628B4E65-52C7-4142-A59B-4257381AB023}"
EndProject
Global
	GlobalSection(SolutionConfigurationPlatforms) = preSolution
		Debug|Any CPU = Debug|Any CPU
		Release|Any CPU = Release|Any CPU
	EndGlobalSection
	GlobalSection(ProjectConfigurationPlatforms) = postSolution
		{207B6D8F-E797-4090-B53F-87CE7B769469}.Debug|Any CPU.ActiveCfg = Debug|Any CPU
		{207B6D8F-E797-4090-B53F-87CE7B769469}.Debug|Any CPU.Build.0 = Debug|Any CPU
		{207B6D8F-E797-4090-B53F-87CE7B769469}.Release|Any CPU.ActiveCfg = Release|Any CPU
		{207B6D8F-E797-4090-B53F-87CE7B769469}.Release|Any CPU.Build.0 = Release|Any CPU
		{628B4E65-52C7-4142-A59B-4257381AB023}.Debug|Any CPU.ActiveCfg = Debug|Any CPU
		{628B4E65-52C7-4142-A59B-4257381AB023}.Debug|Any CPU.Build.0 = Debug|Any CPU
		{628B4E65-52C7-4142-A59B-4257381AB023}.Release|Any CPU.ActiveCfg = Release|Any CPU
		{628B4E65-52C7-4142-A59B-4257381AB023}.Release|Any CPU.Build.0 = Release|Any CPU
	EndGlobalSection
EndGlobal
